// !$*UTF8*$!
{
	archiveVersion = 1;
	classes = {
	};
	objectVersion = 46;
	objects = {

/* Begin PBXBuildFile section */
		DD72F5C61A2844A40097D54A /* FloatLabelFields.h in Headers */ = {isa = PBXBuildFile; fileRef = DD72F5C51A2844A40097D54A /* FloatLabelFields.h */; settings = {ATTRIBUTES = (Public, ); }; };
		DD72F5DD1A2844F10097D54A /* FloatLabelTextField.swift in Sources */ = {isa = PBXBuildFile; fileRef = DD72F5DC1A2844F10097D54A /* FloatLabelTextField.swift */; };
		DD72F6211A2855730097D54A /* FloatLabelTextView.swift in Sources */ = {isa = PBXBuildFile; fileRef = DD72F6201A2855730097D54A /* FloatLabelTextView.swift */; };
/* End PBXBuildFile section */

/* Begin PBXFileReference section */
		DD72F5C01A2844A40097D54A /* FloatLabelFields.framework */ = {isa = PBXFileReference; explicitFileType = wrapper.framework; includeInIndex = 0; path = FloatLabelFields.framework; sourceTree = BUILT_PRODUCTS_DIR; };
		DD72F5C41A2844A40097D54A /* Info.plist */ = {isa = PBXFileReference; lastKnownFileType = text.plist.xml; path = Info.plist; sourceTree = "<group>"; };
		DD72F5C51A2844A40097D54A /* FloatLabelFields.h */ = {isa = PBXFileReference; lastKnownFileType = sourcecode.c.h; path = FloatLabelFields.h; sourceTree = "<group>"; };
		DD72F5DC1A2844F10097D54A /* FloatLabelTextField.swift */ = {isa = PBXFileReference; fileEncoding = 4; lastKnownFileType = sourcecode.swift; path = FloatLabelTextField.swift; sourceTree = "<group>"; };
		DD72F6201A2855730097D54A /* FloatLabelTextView.swift */ = {isa = PBXFileReference; fileEncoding = 4; lastKnownFileType = sourcecode.swift; path = FloatLabelTextView.swift; sourceTree = "<group>"; };
/* End PBXFileReference section */

/* Begin PBXFrameworksBuildPhase section */
		DD72F5BC1A2844A40097D54A /* Frameworks */ = {
			isa = PBXFrameworksBuildPhase;
			buildActionMask = 2147483647;
			files = (
			);
			runOnlyForDeploymentPostprocessing = 0;
		};
/* End PBXFrameworksBuildPhase section */

/* Begin PBXGroup section */
		DD72F5B61A2844A40097D54A = {
			isa = PBXGroup;
			children = (
				DD72F5C21A2844A40097D54A /* FloatLabelFields */,
				DD72F5C11A2844A40097D54A /* Products */,
			);
			sourceTree = "<group>";
		};
		DD72F5C11A2844A40097D54A /* Products */ = {
			isa = PBXGroup;
			children = (
				DD72F5C01A2844A40097D54A /* FloatLabelFields.framework */,
			);
			name = Products;
			sourceTree = "<group>";
		};
		DD72F5C21A2844A40097D54A /* FloatLabelFields */ = {
			isa = PBXGroup;
			children = (
				DD72F5C31A2844A40097D54A /* Supporting Files */,
				DD72F5C51A2844A40097D54A /* FloatLabelFields.h */,
				DD72F5DC1A2844F10097D54A /* FloatLabelTextField.swift */,
				DD72F6201A2855730097D54A /* FloatLabelTextView.swift */,
			);
			path = FloatLabelFields;
			sourceTree = "<group>";
		};
		DD72F5C31A2844A40097D54A /* Supporting Files */ = {
			isa = PBXGroup;
			children = (
				DD72F5C41A2844A40097D54A /* Info.plist */,
			);
			name = "Supporting Files";
			sourceTree = "<group>";
		};
/* End PBXGroup section */

/* Begin PBXHeadersBuildPhase section */
		DD72F5BD1A2844A40097D54A /* Headers */ = {
			isa = PBXHeadersBuildPhase;
			buildActionMask = 2147483647;
			files = (
				DD72F5C61A2844A40097D54A /* FloatLabelFields.h in Headers */,
			);
			runOnlyForDeploymentPostprocessing = 0;
		};
/* End PBXHeadersBuildPhase section */

/* Begin PBXNativeTarget section */
		DD72F5BF1A2844A40097D54A /* FloatLabelFields */ = {
			isa = PBXNativeTarget;
			buildConfigurationList = DD72F5D61A2844A40097D54A /* Build configuration list for PBXNativeTarget "FloatLabelFields" */;
			buildPhases = (
				DD72F5BB1A2844A40097D54A /* Sources */,
				DD72F5BC1A2844A40097D54A /* Frameworks */,
				DD72F5BD1A2844A40097D54A /* Headers */,
				DD72F5BE1A2844A40097D54A /* Resources */,
			);
			buildRules = (
			);
			dependencies = (
			);
			name = FloatLabelFields;
			productName = FloatLabelFields;
			productReference = DD72F5C01A2844A40097D54A /* FloatLabelFields.framework */;
			productType = "com.apple.product-type.framework";
		};
/* End PBXNativeTarget section */

/* Begin PBXProject section */
		DD72F5B71A2844A40097D54A /* Project object */ = {
			isa = PBXProject;
			attributes = {
				LastUpgradeCheck = 0610;
				ORGANIZATIONNAME = "RookSoft Ltd.";
				TargetAttributes = {
					DD72F5BF1A2844A40097D54A = {
						CreatedOnToolsVersion = 6.1;
					};
				};
			};
			buildConfigurationList = DD72F5BA1A2844A40097D54A /* Build configuration list for PBXProject "FloatLabelFields" */;
			compatibilityVersion = "Xcode 3.2";
			developmentRegion = English;
			hasScannedForEncodings = 0;
			knownRegions = (
				en,
			);
			mainGroup = DD72F5B61A2844A40097D54A;
			productRefGroup = DD72F5C11A2844A40097D54A /* Products */;
			projectDirPath = "";
			projectRoot = "";
			targets = (
				DD72F5BF1A2844A40097D54A /* FloatLabelFields */,
			);
		};
/* End PBXProject section */

/* Begin PBXResourcesBuildPhase section */
		DD72F5BE1A2844A40097D54A /* Resources */ = {
			isa = PBXResourcesBuildPhase;
			buildActionMask = 2147483647;
			files = (
			);
			runOnlyForDeploymentPostprocessing = 0;
		};
/* End PBXResourcesBuildPhase section */

/* Begin PBXSourcesBuildPhase section */
		DD72F5BB1A2844A40097D54A /* Sources */ = {
			isa = PBXSourcesBuildPhase;
			buildActionMask = 2147483647;
			files = (
				DD72F5DD1A2844F10097D54A /* FloatLabelTextField.swift in Sources */,
				DD72F6211A2855730097D54A /* FloatLabelTextView.swift in Sources */,
			);
			runOnlyForDeploymentPostprocessing = 0;
		};
/* End PBXSourcesBuildPhase section */

/* Begin XCBuildConfiguration section */
		DD72F5D41A2844A40097D54A /* Debug */ = {
			isa = XCBuildConfiguration;
			buildSettings = {
				ALWAYS_SEARCH_USER_PATHS = NO;
				CLANG_CXX_LANGUAGE_STANDARD = "gnu++0x";
				CLANG_CXX_LIBRARY = "libc++";
				CLANG_ENABLE_MODULES = YES;
				CLANG_ENABLE_OBJC_ARC = YES;
				CLANG_WARN_BOOL_CONVERSION = YES;
				CLANG_WARN_CONSTANT_CONVERSION = YES;
				CLANG_WARN_DIRECT_OBJC_ISA_USAGE = YES_ERROR;
				CLANG_WARN_EMPTY_BODY = YES;
				CLANG_WARN_ENUM_CONVERSION = YES;
				CLANG_WARN_INT_CONVERSION = YES;
				CLANG_WARN_OBJC_ROOT_CLASS = YES_ERROR;
				CLANG_WARN_UNREACHABLE_CODE = YES;
				CLANG_WARN__DUPLICATE_METHOD_MATCH = YES;
				"CODE_SIGN_IDENTITY[sdk=iphoneos*]" = "iPhone Developer";
				COPY_PHASE_STRIP = NO;
				CURRENT_PROJECT_VERSION = 1;
				ENABLE_STRICT_OBJC_MSGSEND = YES;
				GCC_C_LANGUAGE_STANDARD = gnu99;
				GCC_DYNAMIC_NO_PIC = NO;
				GCC_OPTIMIZATION_LEVEL = 0;
				GCC_PREPROCESSOR_DEFINITIONS = (
					"DEBUG=1",
					"$(inherited)",
				);
				GCC_SYMBOLS_PRIVATE_EXTERN = NO;
				GCC_WARN_64_TO_32_BIT_CONVERSION = YES;
				GCC_WARN_ABOUT_RETURN_TYPE = YES_ERROR;
				GCC_WARN_UNDECLARED_SELECTOR = YES;
				GCC_WARN_UNINITIALIZED_AUTOS = YES_AGGRESSIVE;
				GCC_WARN_UNUSED_FUNCTION = YES;
				GCC_WARN_UNUSED_VARIABLE = YES;
				IPHONEOS_DEPLOYMENT_TARGET = 8.1;
				MTL_ENABLE_DEBUG_INFO = YES;
				ONLY_ACTIVE_ARCH = YES;
				SDKROOT = iphoneos;
				SWIFT_OPTIMIZATION_LEVEL = "-Onone";
				TARGETED_DEVICE_FAMILY = "1,2";
				VERSIONING_SYSTEM = "apple-generic";
				VERSION_INFO_PREFIX = "";
			};
			name = Debug;
		};
		DD72F5D51A2844A40097D54A /* Release */ = {
			isa = XCBuildConfiguration;
			buildSettings = {
				ALWAYS_SEARCH_USER_PATHS = NO;
				CLANG_CXX_LANGUAGE_STANDARD = "gnu++0x";
				CLANG_CXX_LIBRARY = "libc++";
				CLANG_ENABLE_MODULES = YES;
				CLANG_ENABLE_OBJC_ARC = YES;
				CLANG_WARN_BOOL_CONVERSION = YES;
				CLANG_WARN_CONSTANT_CONVERSION = YES;
				CLANG_WARN_DIRECT_OBJC_ISA_USAGE = YES_ERROR;
				CLANG_WARN_EMPTY_BODY = YES;
				CLANG_WARN_ENUM_CONVERSION = YES;
				CLANG_WARN_INT_CONVERSION = YES;
				CLANG_WARN_OBJC_ROOT_CLASS = YES_ERROR;
				CLANG_WARN_UNREACHABLE_CODE = YES;
				CLANG_WARN__DUPLICATE_METHOD_MATCH = YES;
				"CODE_SIGN_IDENTITY[sdk=iphoneos*]" = "iPhone Developer";
				COPY_PHASE_STRIP = YES;
				CURRENT_PROJECT_VERSION = 1;
				ENABLE_NS_ASSERTIONS = NO;
				ENABLE_STRICT_OBJC_MSGSEND = YES;
				GCC_C_LANGUAGE_STANDARD = gnu99;
				GCC_WARN_64_TO_32_BIT_CONVERSION = YES;
				GCC_WARN_ABOUT_RETURN_TYPE = YES_ERROR;
				GCC_WARN_UNDECLARED_SELECTOR = YES;
				GCC_WARN_UNINITIALIZED_AUTOS = YES_AGGRESSIVE;
				GCC_WARN_UNUSED_FUNCTION = YES;
				GCC_WARN_UNUSED_VARIABLE = YES;
				IPHONEOS_DEPLOYMENT_TARGET = 8.1;
				MTL_ENABLE_DEBUG_INFO = NO;
				SDKROOT = iphoneos;
				TARGETED_DEVICE_FAMILY = "1,2";
				VALIDATE_PRODUCT = YES;
				VERSIONING_SYSTEM = "apple-generic";
				VERSION_INFO_PREFIX = "";
			};
			name = Release;
		};
		DD72F5D71A2844A40097D54A /* Debug */ = {
			isa = XCBuildConfiguration;
			buildSettings = {
				DEFINES_MODULE = YES;
				DYLIB_COMPATIBILITY_VERSION = 1;
				DYLIB_CURRENT_VERSION = 1;
				DYLIB_INSTALL_NAME_BASE = "@rpath";
				INFOPLIST_FILE = FloatLabelFields/Info.plist;
				INSTALL_PATH = "$(LOCAL_LIBRARY_DIR)/Frameworks";
				LD_RUNPATH_SEARCH_PATHS = "$(inherited) @executable_path/Frameworks @loader_path/Frameworks";
				PRODUCT_NAME = "$(TARGET_NAME)";
				SKIP_INSTALL = YES;
			};
			name = Debug;
		};
		DD72F5D81A2844A40097D54A /* Release */ = {
			isa = XCBuildConfiguration;
			buildSettings = {
				DEFINES_MODULE = YES;
				DYLIB_COMPATIBILITY_VERSION = 1;
				DYLIB_CURRENT_VERSION = 1;
				DYLIB_INSTALL_NAME_BASE = "@rpath";
				INFOPLIST_FILE = FloatLabelFields/Info.plist;
				INSTALL_PATH = "$(LOCAL_LIBRARY_DIR)/Frameworks";
				LD_RUNPATH_SEARCH_PATHS = "$(inherited) @executable_path/Frameworks @loader_path/Frameworks";
				PRODUCT_NAME = "$(TARGET_NAME)";
				SKIP_INSTALL = YES;
			};
			name = Release;
		};
/* End XCBuildConfiguration section */

/* Begin XCConfigurationList section */
		DD72F5BA1A2844A40097D54A /* Build configuration list for PBXProject "FloatLabelFields" */ = {
			isa = XCConfigurationList;
			buildConfigurations = (
				DD72F5D41A2844A40097D54A /* Debug */,
				DD72F5D51A2844A40097D54A /* Release */,
			);
			defaultConfigurationIsVisible = 0;
			defaultConfigurationName = Release;
		};
		DD72F5D61A2844A40097D54A /* Build configuration list for PBXNativeTarget "FloatLabelFields" */ = {
			isa = XCConfigurationList;
			buildConfigurations = (
				DD72F5D71A2844A40097D54A /* Debug */,
				DD72F5D81A2844A40097D54A /* Release */,
			);
			defaultConfigurationIsVisible = 0;
			defaultConfigurationName = Release;
		};
/* End XCConfigurationList section */
	};
	rootObject = DD72F5B71A2844A40097D54A /* Project object */;
}
